<?xml version="1.0" encoding="utf-8"?>
<Project ToolsVersion="4.0" xmlns="http://schemas.microsoft.com/developer/msbuild/2003">
  <ItemGroup>
    <Filter Include="ソース ファイル">
      <UniqueIdentifier>{4FC737F1-C7A5-4376-A066-2A32D752A2FF}</UniqueIdentifier>
      <Extensions>cpp;c;cc;cxx;c++;cppm;ixx;def;odl;idl;hpj;bat;asm;asmx</Extensions>
    </Filter>
    <Filter Include="ヘッダー ファイル">
      <UniqueIdentifier>{93995380-89BD-4b04-88EB-625FBE52EBFB}</UniqueIdentifier>
      <Extensions>h;hh;hpp;hxx;h++;hm;inl;inc;ipp;xsd</Extensions>
    </Filter>
    <Filter Include="リソース ファイル">
      <UniqueIdentifier>{67DA6AB6-F800-4c08-8B7A-83BB121AAD01}</UniqueIdentifier>
      <Extensions>rc;ico;cur;bmp;dlg;rc2;rct;bin;rgs;gif;jpg;jpeg;jpe;resx;tiff;tif;png;wav;mfcribbon-ms</Extensions>
    </Filter>
    <Filter Include="ソース ファイル\Component">
      <UniqueIdentifier>{b88eb72f-1fe4-48cb-b053-0c355885479e}</UniqueIdentifier>
    </Filter>
    <Filter Include="ヘッダー ファイル\Component">
      <UniqueIdentifier>{3c6dab00-5477-4e61-a557-2fbe3888aee7}</UniqueIdentifier>
    </Filter>
    <Filter Include="ヘッダー ファイル\Scene">
      <UniqueIdentifier>{734ad3d3-73e6-480b-a359-c754572e2e46}</UniqueIdentifier>
    </Filter>
    <Filter Include="ヘッダー ファイル\other">
      <UniqueIdentifier>{258e217c-b4f1-4f90-a48e-94d7a5b64c5b}</UniqueIdentifier>
    </Filter>
    <Filter Include="ソース ファイル\other">
      <UniqueIdentifier>{41e7939c-d23b-4ada-92db-f27ede62727b}</UniqueIdentifier>
    </Filter>
    <Filter Include="ソース ファイル\Scene">
      <UniqueIdentifier>{65df06a2-769a-42df-8565-892a12ff5039}</UniqueIdentifier>
    </Filter>
  </ItemGroup>
  <ItemGroup>
    <ClCompile Include="Title_Component.cpp">
      <Filter>ソース ファイル\Component</Filter>
    </ClCompile>
    <ClCompile Include="CreateStatus_Component.cpp">
      <Filter>ソース ファイル\Component</Filter>
    </ClCompile>
    <ClCompile Include="DblBuffer.cpp">
      <Filter>ソース ファイル\other</Filter>
    </ClCompile>
    <ClCompile Include="Input.cpp">
      <Filter>ソース ファイル\other</Filter>
    </ClCompile>
    <ClCompile Include="main.cpp">
      <Filter>ソース ファイル\other</Filter>
    </ClCompile>
    <ClCompile Include="pch.cpp">
      <Filter>ソース ファイル\other</Filter>
    </ClCompile>
    <ClCompile Include="Game.cpp">
      <Filter>ソース ファイル\Scene</Filter>
    </ClCompile>
    <ClCompile Include="SceneBase.cpp">
      <Filter>ソース ファイル\Scene</Filter>
    </ClCompile>
    <ClCompile Include="Title.cpp">
      <Filter>ソース ファイル\Scene</Filter>
    </ClCompile>
    <ClCompile Include="NewGame_Scene.cpp">
      <Filter>ソース ファイル\Scene</Filter>
    </ClCompile>
    <ClCompile Include="Scenario_Scene.cpp">
      <Filter>ソース ファイル</Filter>
    </ClCompile>
  </ItemGroup>
  <ItemGroup>
    <ClInclude Include="Component.h">
      <Filter>ヘッダー ファイル\Component</Filter>
    </ClInclude>
    <ClInclude Include="CreateStatus_Component.h">
      <Filter>ヘッダー ファイル\Component</Filter>
    </ClInclude>
    <ClInclude Include="Status.h">
      <Filter>ヘッダー ファイル\Component</Filter>
    </ClInclude>
    <ClInclude Include="Game.h">
      <Filter>ヘッダー ファイル\Scene</Filter>
    </ClInclude>
    <ClInclude Include="NewGame_Scene.h">
      <Filter>ヘッダー ファイル\Scene</Filter>
    </ClInclude>
    <ClInclude Include="SceneBase.h">
      <Filter>ヘッダー ファイル\Scene</Filter>
    </ClInclude>
    <ClInclude Include="Title.h">
      <Filter>ヘッダー ファイル\Scene</Filter>
    </ClInclude>
    <ClInclude Include="Title_Component.h">
      <Filter>ヘッダー ファイル\Component</Filter>
    </ClInclude>
    <ClInclude Include="DblBuffer.h">
      <Filter>ヘッダー ファイル\other</Filter>
    </ClInclude>
    <ClInclude Include="Input.h">
      <Filter>ヘッダー ファイル\other</Filter>
    </ClInclude>
    <ClInclude Include="GameObject.h">
      <Filter>ヘッダー ファイル\other</Filter>
    </ClInclude>
    <ClInclude Include="pch.h">
      <Filter>ヘッダー ファイル\other</Filter>
    </ClInclude>
    <ClInclude Include="Scenario_Scene.h">
      <Filter>ソース ファイル</Filter>
    </ClInclude>
  </ItemGroup>
</Project>